
Microsoft Visual Studio Solution File, Format Version 12.00
# Visual Studio Version 17
VisualStudioVersion = 17.13.35806.99
MinimumVisualStudioVersion = 10.0.40219.1
Project("{2150E333-8FDC-42A3-9474-1A3956D46DE8}") = "src", "src", "{02EA681E-C7D8-13C7-8484-4AC65E1B71E8}"
EndProject
Project("{2150E333-8FDC-42A3-9474-1A3956D46DE8}") = "Core", "Core", "{38740BCB-43CA-4BD6-9954-398F382DCE4B}"
EndProject
Project("{2150E333-8FDC-42A3-9474-1A3956D46DE8}") = "Presentation", "Presentation", "{CCD53D7F-8285-4A8C-AEB4-00A6D7954338}"
EndProject
Project("{2150E333-8FDC-42A3-9474-1A3956D46DE8}") = "Infrastructure", "Infrastructure", "{A7DE70A2-353C-4BA4-8D60-59DC33A909A3}"
EndProject
Project("{FAE04EC0-301F-11D3-BF4B-00C04F79EFBC}") = "CleanArchitecture.Domain", "src\Core\CleanArchitecture.Domain\CleanArchitecture.Domain.csproj", "{D69769E7-26F4-A061-FBE5-36253D7168C3}"
EndProject
Project("{FAE04EC0-301F-11D3-BF4B-00C04F79EFBC}") = "CleanArchitecture.Application", "src\Core\CleanArchitecture.Application\CleanArchitecture.Application.csproj", "{0A0EFC7D-723F-B93F-6549-7AC755F4F2D2}"
EndProject
Project("{FAE04EC0-301F-11D3-BF4B-00C04F79EFBC}") = "CleanArchitecture.Infrastructure", "src\Infrastructure\CleanArchitecture.Infrastructure\CleanArchitecture.Infrastructure.csproj", "{446DB842-0CAC-C305-D800-EE08CD074847}"
EndProject
Project("{FAE04EC0-301F-11D3-BF4B-00C04F79EFBC}") = "CleanArchitecture.Infrastructure.Persistence", "src\Infrastructure\CleanArchitecture.Infrastructure.Persistence\CleanArchitecture.Infrastructure.Persistence.csproj", "{EBB6F7F2-5E6C-1B66-0F89-E8EB6C4F1108}"
EndProject
Project("{FAE04EC0-301F-11D3-BF4B-00C04F79EFBC}") = "CleanArchitecture.Presentation", "src\Presentation\CleanArchitecture.Presentation\CleanArchitecture.Presentation.csproj", "{01C435FB-11FC-3827-39AA-76B9DDD2474A}"
EndProject
Project("{2150E333-8FDC-42A3-9474-1A3956D46DE8}") = "Solution Items", "Solution Items", "{8EC462FD-D22E-90A8-E5CE-7E832BA40C5D}"
	ProjectSection(SolutionItems) = preProject
		.gitignore = .gitignore
	EndProjectSection
EndProject
Project("{2150E333-8FDC-42A3-9474-1A3956D46DE8}") = "Shared", "Shared", "{7C0B3FF4-2321-4504-951F-5DA1A689C231}"
EndProject
Project("{FAE04EC0-301F-11D3-BF4B-00C04F79EFBC}") = "CleanArchitecture.Shared", "src\Shared\CleanArchitecture.Shared\CleanArchitecture.Shared.csproj", "{1E5E1A80-DC0C-D3DF-0059-BA3F0DBFA0D3}"
EndProject
Global
	GlobalSection(SolutionConfigurationPlatforms) = preSolution
		Debug|Any CPU = Debug|Any CPU
		Release|Any CPU = Release|Any CPU
	EndGlobalSection
	GlobalSection(ProjectConfigurationPlatforms) = postSolution
		{D69769E7-26F4-A061-FBE5-36253D7168C3}.Debug|Any CPU.ActiveCfg = Debug|Any CPU
		{D69769E7-26F4-A061-FBE5-36253D7168C3}.Debug|Any CPU.Build.0 = Debug|Any CPU
		{D69769E7-26F4-A061-FBE5-36253D7168C3}.Release|Any CPU.ActiveCfg = Release|Any CPU
		{D69769E7-26F4-A061-FBE5-36253D7168C3}.Release|Any CPU.Build.0 = Release|Any CPU
		{0A0EFC7D-723F-B93F-6549-7AC755F4F2D2}.Debug|Any CPU.ActiveCfg = Debug|Any CPU
		{0A0EFC7D-723F-B93F-6549-7AC755F4F2D2}.Debug|Any CPU.Build.0 = Debug|Any CPU
		{0A0EFC7D-723F-B93F-6549-7AC755F4F2D2}.Release|Any CPU.ActiveCfg = Release|Any CPU
		{0A0EFC7D-723F-B93F-6549-7AC755F4F2D2}.Release|Any CPU.Build.0 = Release|Any CPU
		{446DB842-0CAC-C305-D800-EE08CD074847}.Debug|Any CPU.ActiveCfg = Debug|Any CPU
		{446DB842-0CAC-C305-D800-EE08CD074847}.Debug|Any CPU.Build.0 = Debug|Any CPU
		{446DB842-0CAC-C305-D800-EE08CD074847}.Release|Any CPU.ActiveCfg = Release|Any CPU
		{446DB842-0CAC-C305-D800-EE08CD074847}.Release|Any CPU.Build.0 = Release|Any CPU
		{EBB6F7F2-5E6C-1B66-0F89-E8EB6C4F1108}.Debug|Any CPU.ActiveCfg = Debug|Any CPU
		{EBB6F7F2-5E6C-1B66-0F89-E8EB6C4F1108}.Debug|Any CPU.Build.0 = Debug|Any CPU
		{EBB6F7F2-5E6C-1B66-0F89-E8EB6C4F1108}.Release|Any CPU.ActiveCfg = Release|Any CPU
		{EBB6F7F2-5E6C-1B66-0F89-E8EB6C4F1108}.Release|Any CPU.Build.0 = Release|Any CPU
		{01C435FB-11FC-3827-39AA-76B9DDD2474A}.Debug|Any CPU.ActiveCfg = Debug|Any CPU
		{01C435FB-11FC-3827-39AA-76B9DDD2474A}.Debug|Any CPU.Build.0 = Debug|Any CPU
		{01C435FB-11FC-3827-39AA-76B9DDD2474A}.Release|Any CPU.ActiveCfg = Release|Any CPU
		{01C435FB-11FC-3827-39AA-76B9DDD2474A}.Release|Any CPU.Build.0 = Release|Any CPU
		{1E5E1A80-DC0C-D3DF-0059-BA3F0DBFA0D3}.Debug|Any CPU.ActiveCfg = Debug|Any CPU
		{1E5E1A80-DC0C-D3DF-0059-BA3F0DBFA0D3}.Debug|Any CPU.Build.0 = Debug|Any CPU
		{1E5E1A80-DC0C-D3DF-0059-BA3F0DBFA0D3}.Release|Any CPU.ActiveCfg = Release|Any CPU
		{1E5E1A80-DC0C-D3DF-0059-BA3F0DBFA0D3}.Release|Any CPU.Build.0 = Release|Any CPU
	EndGlobalSection
	GlobalSection(SolutionProperties) = preSolution
		HideSolutionNode = FALSE
	EndGlobalSection
	GlobalSection(NestedProjects) = preSolution
		{38740BCB-43CA-4BD6-9954-398F382DCE4B} = {02EA681E-C7D8-13C7-8484-4AC65E1B71E8}
		{CCD53D7F-8285-4A8C-AEB4-00A6D7954338} = {02EA681E-C7D8-13C7-8484-4AC65E1B71E8}
		{A7DE70A2-353C-4BA4-8D60-59DC33A909A3} = {02EA681E-C7D8-13C7-8484-4AC65E1B71E8}
		{D69769E7-26F4-A061-FBE5-36253D7168C3} = {38740BCB-43CA-4BD6-9954-398F382DCE4B}
		{0A0EFC7D-723F-B93F-6549-7AC755F4F2D2} = {38740BCB-43CA-4BD6-9954-398F382DCE4B}
		{446DB842-0CAC-C305-D800-EE08CD074847} = {A7DE70A2-353C-4BA4-8D60-59DC33A909A3}
		{EBB6F7F2-5E6C-1B66-0F89-E8EB6C4F1108} = {A7DE70A2-353C-4BA4-8D60-59DC33A909A3}
		{01C435FB-11FC-3827-39AA-76B9DDD2474A} = {CCD53D7F-8285-4A8C-AEB4-00A6D7954338}
		{7C0B3FF4-2321-4504-951F-5DA1A689C231} = {02EA681E-C7D8-13C7-8484-4AC65E1B71E8}
		{1E5E1A80-DC0C-D3DF-0059-BA3F0DBFA0D3} = {7C0B3FF4-2321-4504-951F-5DA1A689C231}
	EndGlobalSection
	GlobalSection(ExtensibilityGlobals) = postSolution
		SolutionGuid = {D336FF8C-F1F1-4E9D-B094-A4EFD04C622D}
	EndGlobalSection
EndGlobal
